// !$*UTF8*$!
{
	archiveVersion = 1;
	classes = {
	};
	objectVersion = 56;
	objects = {

/* Begin PBXBuildFile section */
		375A15542A2E0F8800AEF009 /* AppDelegate.swift in Sources */ = {isa = PBXBuildFile; fileRef = 375A15532A2E0F8800AEF009 /* AppDelegate.swift */; };
		375A15562A2E0F8800AEF009 /* SceneDelegate.swift in Sources */ = {isa = PBXBuildFile; fileRef = 375A15552A2E0F8800AEF009 /* SceneDelegate.swift */; };
		375A15582A2E0F8800AEF009 /* CalculateVC.swift in Sources */ = {isa = PBXBuildFile; fileRef = 375A15572A2E0F8800AEF009 /* CalculateVC.swift */; };
		375A155D2A2E0F8A00AEF009 /* Assets.xcassets in Resources */ = {isa = PBXBuildFile; fileRef = 375A155C2A2E0F8A00AEF009 /* Assets.xcassets */; };
		375A15602A2E0F8A00AEF009 /* LaunchScreen.storyboard in Resources */ = {isa = PBXBuildFile; fileRef = 375A155E2A2E0F8A00AEF009 /* LaunchScreen.storyboard */; };
		375A156C2A2E358E00AEF009 /* ResultVC.swift in Sources */ = {isa = PBXBuildFile; fileRef = 375A156B2A2E358E00AEF009 /* ResultVC.swift */; };
		377550A12A2F74AE0059ED25 /* CalculatorBrain.swift in Sources */ = {isa = PBXBuildFile; fileRef = 377550A02A2F74AE0059ED25 /* CalculatorBrain.swift */; };
		377550A32A2F7A4E0059ED25 /* BMI.swift in Sources */ = {isa = PBXBuildFile; fileRef = 377550A22A2F7A4E0059ED25 /* BMI.swift */; };
/* End PBXBuildFile section */

/* Begin PBXFileReference section */
		375A15502A2E0F8800AEF009 /* BMICalculatorUIKit.app */ = {isa = PBXFileReference; explicitFileType = wrapper.application; includeInIndex = 0; path = BMICalculatorUIKit.app; sourceTree = BUILT_PRODUCTS_DIR; };
		375A15532A2E0F8800AEF009 /* AppDelegate.swift */ = {isa = PBXFileReference; lastKnownFileType = sourcecode.swift; path = AppDelegate.swift; sourceTree = "<group>"; };
		375A15552A2E0F8800AEF009 /* SceneDelegate.swift */ = {isa = PBXFileReference; lastKnownFileType = sourcecode.swift; path = SceneDelegate.swift; sourceTree = "<group>"; };
		375A15572A2E0F8800AEF009 /* CalculateVC.swift */ = {isa = PBXFileReference; lastKnownFileType = sourcecode.swift; path = CalculateVC.swift; sourceTree = "<group>"; };
		375A155C2A2E0F8A00AEF009 /* Assets.xcassets */ = {isa = PBXFileReference; lastKnownFileType = folder.assetcatalog; path = Assets.xcassets; sourceTree = "<group>"; };
		375A155F2A2E0F8A00AEF009 /* Base */ = {isa = PBXFileReference; lastKnownFileType = file.storyboard; name = Base; path = Base.lproj/LaunchScreen.storyboard; sourceTree = "<group>"; };
		375A15612A2E0F8A00AEF009 /* Info.plist */ = {isa = PBXFileReference; lastKnownFileType = text.plist.xml; path = Info.plist; sourceTree = "<group>"; };
		375A156B2A2E358E00AEF009 /* ResultVC.swift */ = {isa = PBXFileReference; lastKnownFileType = sourcecode.swift; path = ResultVC.swift; sourceTree = "<group>"; };
		377550A02A2F74AE0059ED25 /* CalculatorBrain.swift */ = {isa = PBXFileReference; lastKnownFileType = sourcecode.swift; path = CalculatorBrain.swift; sourceTree = "<group>"; };
		377550A22A2F7A4E0059ED25 /* BMI.swift */ = {isa = PBXFileReference; lastKnownFileType = sourcecode.swift; path = BMI.swift; sourceTree = "<group>"; };
/* End PBXFileReference section */

/* Begin PBXFrameworksBuildPhase section */
		375A154D2A2E0F8800AEF009 /* Frameworks */ = {
			isa = PBXFrameworksBuildPhase;
			buildActionMask = 2147483647;
			files = (
			);
			runOnlyForDeploymentPostprocessing = 0;
		};
/* End PBXFrameworksBuildPhase section */

/* Begin PBXGroup section */
		375A15472A2E0F8800AEF009 = {
			isa = PBXGroup;
			children = (
				375A15522A2E0F8800AEF009 /* BMICalculatorUIKit */,
				375A15512A2E0F8800AEF009 /* Products */,
			);
			sourceTree = "<group>";
		};
		375A15512A2E0F8800AEF009 /* Products */ = {
			isa = PBXGroup;
			children = (
				375A15502A2E0F8800AEF009 /* BMICalculatorUIKit.app */,
			);
			name = Products;
			sourceTree = "<group>";
		};
		375A15522A2E0F8800AEF009 /* BMICalculatorUIKit */ = {
			isa = PBXGroup;
			children = (
				375A15692A2E104600AEF009 /* Resources */,
				375A15682A2E103E00AEF009 /* Models */,
				375A15672A2E103700AEF009 /* Views */,
				375A156A2A2E106400AEF009 /* Controllers */,
				375A15612A2E0F8A00AEF009 /* Info.plist */,
			);
			path = BMICalculatorUIKit;
			sourceTree = "<group>";
		};
		375A15672A2E103700AEF009 /* Views */ = {
			isa = PBXGroup;
			children = (
			);
			path = Views;
			sourceTree = "<group>";
		};
		375A15682A2E103E00AEF009 /* Models */ = {
			isa = PBXGroup;
			children = (
				377550A02A2F74AE0059ED25 /* CalculatorBrain.swift */,
				377550A22A2F7A4E0059ED25 /* BMI.swift */,
			);
			path = Models;
			sourceTree = "<group>";
		};
		375A15692A2E104600AEF009 /* Resources */ = {
			isa = PBXGroup;
			children = (
				375A15552A2E0F8800AEF009 /* SceneDelegate.swift */,
				375A15532A2E0F8800AEF009 /* AppDelegate.swift */,
				375A155C2A2E0F8A00AEF009 /* Assets.xcassets */,
				375A155E2A2E0F8A00AEF009 /* LaunchScreen.storyboard */,
			);
			path = Resources;
			sourceTree = "<group>";
		};
		375A156A2A2E106400AEF009 /* Controllers */ = {
			isa = PBXGroup;
			children = (
				375A15572A2E0F8800AEF009 /* CalculateVC.swift */,
				375A156B2A2E358E00AEF009 /* ResultVC.swift */,
			);
			path = Controllers;
			sourceTree = "<group>";
		};
/* End PBXGroup section */

/* Begin PBXNativeTarget section */
		375A154F2A2E0F8800AEF009 /* BMICalculatorUIKit */ = {
			isa = PBXNativeTarget;
			buildConfigurationList = 375A15642A2E0F8A00AEF009 /* Build configuration list for PBXNativeTarget "BMICalculatorUIKit" */;
			buildPhases = (
				375A154C2A2E0F8800AEF009 /* Sources */,
				375A154D2A2E0F8800AEF009 /* Frameworks */,
				375A154E2A2E0F8800AEF009 /* Resources */,
			);
			buildRules = (
			);
			dependencies = (
			);
			name = BMICalculatorUIKit;
			productName = BMICalculatorUIKit;
			productReference = 375A15502A2E0F8800AEF009 /* BMICalculatorUIKit.app */;
			productType = "com.apple.product-type.application";
		};
/* End PBXNativeTarget section */

/* Begin PBXProject section */
		375A15482A2E0F8800AEF009 /* Project object */ = {
			isa = PBXProject;
			attributes = {
				BuildIndependentTargetsInParallel = 1;
				LastSwiftUpdateCheck = 1430;
				LastUpgradeCheck = 1430;
				TargetAttributes = {
					375A154F2A2E0F8800AEF009 = {
						CreatedOnToolsVersion = 14.3.1;
					};
				};
			};
			buildConfigurationList = 375A154B2A2E0F8800AEF009 /* Build configuration list for PBXProject "BMICalculatorUIKit" */;
			compatibilityVersion = "Xcode 14.0";
			developmentRegion = en;
			hasScannedForEncodings = 0;
			knownRegions = (
				en,
				Base,
			);
			mainGroup = 375A15472A2E0F8800AEF009;
			productRefGroup = 375A15512A2E0F8800AEF009 /* Products */;
			projectDirPath = "";
			projectRoot = "";
			targets = (
				375A154F2A2E0F8800AEF009 /* BMICalculatorUIKit */,
			);
		};
/* End PBXProject section */

/* Begin PBXResourcesBuildPhase section */
		375A154E2A2E0F8800AEF009 /* Resources */ = {
			isa = PBXResourcesBuildPhase;
			buildActionMask = 2147483647;
			files = (
				375A15602A2E0F8A00AEF009 /* LaunchScreen.storyboard in Resources */,
				375A155D2A2E0F8A00AEF009 /* Assets.xcassets in Resources */,
			);
			runOnlyForDeploymentPostprocessing = 0;
		};
/* End PBXResourcesBuildPhase section */

/* Begin PBXSourcesBuildPhase section */
		375A154C2A2E0F8800AEF009 /* Sources */ = {
			isa = PBXSourcesBuildPhase;
			buildActionMask = 2147483647;
			files = (
				375A15582A2E0F8800AEF009 /* CalculateVC.swift in Sources */,
				375A156C2A2E358E00AEF009 /* ResultVC.swift in Sources */,
				375A15542A2E0F8800AEF009 /* AppDelegate.swift in Sources */,
				377550A12A2F74AE0059ED25 /* CalculatorBrain.swift in Sources */,
				377550A32A2F7A4E0059ED25 /* BMI.swift in Sources */,
				375A15562A2E0F8800AEF009 /* SceneDelegate.swift in Sources */,
			);
			runOnlyForDeploymentPostprocessing = 0;
		};
/* End PBXSourcesBuildPhase section */

/* Begin PBXVariantGroup section */
		375A155E2A2E0F8A00AEF009 /* LaunchScreen.storyboard */ = {
			isa = PBXVariantGroup;
			children = (
				375A155F2A2E0F8A00AEF009 /* Base */,
			);
			name = LaunchScreen.storyboard;
			sourceTree = "<group>";
		};
/* End PBXVariantGroup section */

/* Begin XCBuildConfiguration section */
		375A15622A2E0F8A00AEF009 /* Debug */ = {
			isa = XCBuildConfiguration;
			buildSettings = {
				ALWAYS_SEARCH_USER_PATHS = NO;
				CLANG_ANALYZER_NONNULL = YES;
				CLANG_ANALYZER_NUMBER_OBJECT_CONVERSION = YES_AGGRESSIVE;
				CLANG_CXX_LANGUAGE_STANDARD = "gnu++20";
				CLANG_ENABLE_MODULES = YES;
				CLANG_ENABLE_OBJC_ARC = YES;
				CLANG_ENABLE_OBJC_WEAK = YES;
				CLANG_WARN_BLOCK_CAPTURE_AUTORELEASING = YES;
				CLANG_WARN_BOOL_CONVERSION = YES;
				CLANG_WARN_COMMA = YES;
				CLANG_WARN_CONSTANT_CONVERSION = YES;
				CLANG_WARN_DEPRECATED_OBJC_IMPLEMENTATIONS = YES;
				CLANG_WARN_DIRECT_OBJC_ISA_USAGE = YES_ERROR;
				CLANG_WARN_DOCUMENTATION_COMMENTS = YES;
				CLANG_WARN_EMPTY_BODY = YES;
				CLANG_WARN_ENUM_CONVERSION = YES;
				CLANG_WARN_INFINITE_RECURSION = YES;
				CLANG_WARN_INT_CONVERSION = YES;
				CLANG_WARN_NON_LITERAL_NULL_CONVERSION = YES;
				CLANG_WARN_OBJC_IMPLICIT_RETAIN_SELF = YES;
				CLANG_WARN_OBJC_LITERAL_CONVERSION = YES;
				CLANG_WARN_OBJC_ROOT_CLASS = YES_ERROR;
				CLANG_WARN_QUOTED_INCLUDE_IN_FRAMEWORK_HEADER = YES;
				CLANG_WARN_RANGE_LOOP_ANALYSIS = YES;
				CLANG_WARN_STRICT_PROTOTYPES = YES;
				CLANG_WARN_SUSPICIOUS_MOVE = YES;
				CLANG_WARN_UNGUARDED_AVAILABILITY = YES_AGGRESSIVE;
				CLANG_WARN_UNREACHABLE_CODE = YES;
				CLANG_WARN__DUPLICATE_METHOD_MATCH = YES;
				COPY_PHASE_STRIP = NO;
				DEBUG_INFORMATION_FORMAT = dwarf;
				ENABLE_STRICT_OBJC_MSGSEND = YES;
				ENABLE_TESTABILITY = YES;
				GCC_C_LANGUAGE_STANDARD = gnu11;
				GCC_DYNAMIC_NO_PIC = NO;
				GCC_NO_COMMON_BLOCKS = YES;
				GCC_OPTIMIZATION_LEVEL = 0;
				GCC_PREPROCESSOR_DEFINITIONS = (
					"DEBUG=1",
					"$(inherited)",
				);
				GCC_WARN_64_TO_32_BIT_CONVERSION = YES;
				GCC_WARN_ABOUT_RETURN_TYPE = YES_ERROR;
				GCC_WARN_UNDECLARED_SELECTOR = YES;
				GCC_WARN_UNINITIALIZED_AUTOS = YES_AGGRESSIVE;
				GCC_WARN_UNUSED_FUNCTION = YES;
				GCC_WARN_UNUSED_VARIABLE = YES;
				IPHONEOS_DEPLOYMENT_TARGET = 16.4;
				MTL_ENABLE_DEBUG_INFO = INCLUDE_SOURCE;
				MTL_FAST_MATH = YES;
				ONLY_ACTIVE_ARCH = YES;
				SDKROOT = iphoneos;
				SWIFT_ACTIVE_COMPILATION_CONDITIONS = DEBUG;
				SWIFT_OPTIMIZATION_LEVEL = "-Onone";
			};
			name = Debug;
		};
		375A15632A2E0F8A00AEF009 /* Release */ = {
			isa = XCBuildConfiguration;
			buildSettings = {
				ALWAYS_SEARCH_USER_PATHS = NO;
				CLANG_ANALYZER_NONNULL = YES;
				CLANG_ANALYZER_NUMBER_OBJECT_CONVERSION = YES_AGGRESSIVE;
				CLANG_CXX_LANGUAGE_STANDARD = "gnu++20";
				CLANG_ENABLE_MODULES = YES;
				CLANG_ENABLE_OBJC_ARC = YES;
				CLANG_ENABLE_OBJC_WEAK = YES;
				CLANG_WARN_BLOCK_CAPTURE_AUTORELEASING = YES;
				CLANG_WARN_BOOL_CONVERSION = YES;
				CLANG_WARN_COMMA = YES;
				CLANG_WARN_CONSTANT_CONVERSION = YES;
				CLANG_WARN_DEPRECATED_OBJC_IMPLEMENTATIONS = YES;
				CLANG_WARN_DIRECT_OBJC_ISA_USAGE = YES_ERROR;
				CLANG_WARN_DOCUMENTATION_COMMENTS = YES;
				CLANG_WARN_EMPTY_BODY = YES;
				CLANG_WARN_ENUM_CONVERSION = YES;
				CLANG_WARN_INFINITE_RECURSION = YES;
				CLANG_WARN_INT_CONVERSION = YES;
				CLANG_WARN_NON_LITERAL_NULL_CONVERSION = YES;
				CLANG_WARN_OBJC_IMPLICIT_RETAIN_SELF = YES;
				CLANG_WARN_OBJC_LITERAL_CONVERSION = YES;
				CLANG_WARN_OBJC_ROOT_CLASS = YES_ERROR;
				CLANG_WARN_QUOTED_INCLUDE_IN_FRAMEWORK_HEADER = YES;
				CLANG_WARN_RANGE_LOOP_ANALYSIS = YES;
				CLANG_WARN_STRICT_PROTOTYPES = YES;
				CLANG_WARN_SUSPICIOUS_MOVE = YES;
				CLANG_WARN_UNGUARDED_AVAILABILITY = YES_AGGRESSIVE;
				CLANG_WARN_UNREACHABLE_CODE = YES;
				CLANG_WARN__DUPLICATE_METHOD_MATCH = YES;
				COPY_PHASE_STRIP = NO;
				DEBUG_INFORMATION_FORMAT = "dwarf-with-dsym";
				ENABLE_NS_ASSERTIONS = NO;
				ENABLE_STRICT_OBJC_MSGSEND = YES;
				GCC_C_LANGUAGE_STANDARD = gnu11;
				GCC_NO_COMMON_BLOCKS = YES;
				GCC_WARN_64_TO_32_BIT_CONVERSION = YES;
				GCC_WARN_ABOUT_RETURN_TYPE = YES_ERROR;
				GCC_WARN_UNDECLARED_SELECTOR = YES;
				GCC_WARN_UNINITIALIZED_AUTOS = YES_AGGRESSIVE;
				GCC_WARN_UNUSED_FUNCTION = YES;
				GCC_WARN_UNUSED_VARIABLE = YES;
				IPHONEOS_DEPLOYMENT_TARGET = 16.4;
				MTL_ENABLE_DEBUG_INFO = NO;
				MTL_FAST_MATH = YES;
				SDKROOT = iphoneos;
				SWIFT_COMPILATION_MODE = wholemodule;
				SWIFT_OPTIMIZATION_LEVEL = "-O";
				VALIDATE_PRODUCT = YES;
			};
			name = Release;
		};
		375A15652A2E0F8A00AEF009 /* Debug */ = {
			isa = XCBuildConfiguration;
			buildSettings = {
				ASSETCATALOG_COMPILER_APPICON_NAME = AppIcon;
				ASSETCATALOG_COMPILER_GLOBAL_ACCENT_COLOR_NAME = AccentColor;
				CODE_SIGN_STYLE = Automatic;
				CURRENT_PROJECT_VERSION = 1;
				DEVELOPMENT_TEAM = R5L72AD597;
				GENERATE_INFOPLIST_FILE = YES;
				INFOPLIST_FILE = BMICalculatorUIKit/Info.plist;
				INFOPLIST_KEY_UIApplicationSupportsIndirectInputEvents = YES;
				INFOPLIST_KEY_UILaunchStoryboardName = LaunchScreen;
				INFOPLIST_KEY_UISupportedInterfaceOrientations_iPad = "UIInterfaceOrientationPortrait UIInterfaceOrientationPortraitUpsideDown UIInterfaceOrientationLandscapeLeft UIInterfaceOrientationLandscapeRight";
				INFOPLIST_KEY_UISupportedInterfaceOrientations_iPhone = "UIInterfaceOrientationPortrait UIInterfaceOrientationLandscapeLeft UIInterfaceOrientationLandscapeRight";
				LD_RUNPATH_SEARCH_PATHS = (
					"$(inherited)",
					"@executable_path/Frameworks",
				);
				MARKETING_VERSION = 1.0;
				PRODUCT_BUNDLE_IDENTIFIER = com.oliviergieger.BMICalculatorUIKit;
				PRODUCT_NAME = "$(TARGET_NAME)";
				SWIFT_EMIT_LOC_STRINGS = YES;
				SWIFT_VERSION = 5.0;
				TARGETED_DEVICE_FAMILY = "1,2";
			};
			name = Debug;
		};
		375A15662A2E0F8A00AEF009 /* Release */ = {
			isa = XCBuildConfiguration;
			buildSettings = {
				ASSETCATALOG_COMPILER_APPICON_NAME = AppIcon;
				ASSETCATALOG_COMPILER_GLOBAL_ACCENT_COLOR_NAME = AccentColor;
				CODE_SIGN_STYLE = Automatic;
				CURRENT_PROJECT_VERSION = 1;
				DEVELOPMENT_TEAM = R5L72AD597;
				GENERATE_INFOPLIST_FILE = YES;
				INFOPLIST_FILE = BMICalculatorUIKit/Info.plist;
				INFOPLIST_KEY_UIApplicationSupportsIndirectInputEvents = YES;
				INFOPLIST_KEY_UILaunchStoryboardName = LaunchScreen;
				INFOPLIST_KEY_UISupportedInterfaceOrientations_iPad = "UIInterfaceOrientationPortrait UIInterfaceOrientationPortraitUpsideDown UIInterfaceOrientationLandscapeLeft UIInterfaceOrientationLandscapeRight";
				INFOPLIST_KEY_UISupportedInterfaceOrientations_iPhone = "UIInterfaceOrientationPortrait UIInterfaceOrientationLandscapeLeft UIInterfaceOrientationLandscapeRight";
				LD_RUNPATH_SEARCH_PATHS = (
					"$(inherited)",
					"@executable_path/Frameworks",
				);
				MARKETING_VERSION = 1.0;
				PRODUCT_BUNDLE_IDENTIFIER = com.oliviergieger.BMICalculatorUIKit;
				PRODUCT_NAME = "$(TARGET_NAME)";
				SWIFT_EMIT_LOC_STRINGS = YES;
				SWIFT_VERSION = 5.0;
				TARGETED_DEVICE_FAMILY = "1,2";
			};
			name = Release;
		};
/* End XCBuildConfiguration section */

/* Begin XCConfigurationList section */
		375A154B2A2E0F8800AEF009 /* Build configuration list for PBXProject "BMICalculatorUIKit" */ = {
			isa = XCConfigurationList;
			buildConfigurations = (
				375A15622A2E0F8A00AEF009 /* Debug */,
				375A15632A2E0F8A00AEF009 /* Release */,
			);
			defaultConfigurationIsVisible = 0;
			defaultConfigurationName = Release;
		};
		375A15642A2E0F8A00AEF009 /* Build configuration list for PBXNativeTarget "BMICalculatorUIKit" */ = {
			isa = XCConfigurationList;
			buildConfigurations = (
				375A15652A2E0F8A00AEF009 /* Debug */,
				375A15662A2E0F8A00AEF009 /* Release */,
			);
			defaultConfigurationIsVisible = 0;
			defaultConfigurationName = Release;
		};
/* End XCConfigurationList section */
	};
	rootObject = 375A15482A2E0F8800AEF009 /* Project object */;
}
